// !$*UTF8*$!
{
	archiveVersion = 1;
	classes = {
	};
	objectVersion = 46;
	objects = {

/* Begin PBXBuildFile section */
		E0919A571904B34700D1D50D /* Foundation.framework in Frameworks */ = {isa = PBXBuildFile; fileRef = E0919A561904B34700D1D50D /* Foundation.framework */; };
		E0919A591904B34700D1D50D /* CoreGraphics.framework in Frameworks */ = {isa = PBXBuildFile; fileRef = E0919A581904B34700D1D50D /* CoreGraphics.framework */; };
		E0919A5B1904B34700D1D50D /* UIKit.framework in Frameworks */ = {isa = PBXBuildFile; fileRef = E0919A5A1904B34700D1D50D /* UIKit.framework */; };
		E0919A611904B34700D1D50D /* InfoPlist.strings in Resources */ = {isa = PBXBuildFile; fileRef = E0919A5F1904B34700D1D50D /* InfoPlist.strings */; };
		E0919A631904B34700D1D50D /* main.m in Sources */ = {isa = PBXBuildFile; fileRef = E0919A621904B34700D1D50D /* main.m */; };
		E0919A671904B34700D1D50D /* LoopedAppDelegate.m in Sources */ = {isa = PBXBuildFile; fileRef = E0919A661904B34700D1D50D /* LoopedAppDelegate.m */; };
		E0919A6A1904B34800D1D50D /* Main_iPhone.storyboard in Resources */ = {isa = PBXBuildFile; fileRef = E0919A681904B34800D1D50D /* Main_iPhone.storyboard */; };
		E0919A6D1904B34800D1D50D /* Main_iPad.storyboard in Resources */ = {isa = PBXBuildFile; fileRef = E0919A6B1904B34800D1D50D /* Main_iPad.storyboard */; };
		E0919A701904B34800D1D50D /* NetworkViewController.m in Sources */ = {isa = PBXBuildFile; fileRef = E0919A6F1904B34800D1D50D /* NetworkViewController.m */; };
		E0919A731904B34800D1D50D /* PostingViewController.m in Sources */ = {isa = PBXBuildFile; fileRef = E0919A721904B34800D1D50D /* PostingViewController.m */; };
		E0919A751904B34A00D1D50D /* Images.xcassets in Resources */ = {isa = PBXBuildFile; fileRef = E0919A741904B34A00D1D50D /* Images.xcassets */; };
		E0919A7C1904B34A00D1D50D /* XCTest.framework in Frameworks */ = {isa = PBXBuildFile; fileRef = E0919A7B1904B34A00D1D50D /* XCTest.framework */; };
		E0919A7D1904B34A00D1D50D /* Foundation.framework in Frameworks */ = {isa = PBXBuildFile; fileRef = E0919A561904B34700D1D50D /* Foundation.framework */; };
		E0919A7E1904B34A00D1D50D /* UIKit.framework in Frameworks */ = {isa = PBXBuildFile; fileRef = E0919A5A1904B34700D1D50D /* UIKit.framework */; };
		E0919A861904B34A00D1D50D /* InfoPlist.strings in Resources */ = {isa = PBXBuildFile; fileRef = E0919A841904B34A00D1D50D /* InfoPlist.strings */; };
		E0919A881904B34B00D1D50D /* LoopedTests.m in Sources */ = {isa = PBXBuildFile; fileRef = E0919A871904B34B00D1D50D /* LoopedTests.m */; };
		E0919CF01904BD0500D1D50D /* ProfileViewController.m in Sources */ = {isa = PBXBuildFile; fileRef = E0919CEF1904BD0500D1D50D /* ProfileViewController.m */; };
		E0919CF61904BD8D00D1D50D /* LoginViewController.m in Sources */ = {isa = PBXBuildFile; fileRef = E0919CF51904BD8D00D1D50D /* LoginViewController.m */; };
		E0919CF91904F39600D1D50D /* NewAccountViewController.m in Sources */ = {isa = PBXBuildFile; fileRef = E0919CF81904F39600D1D50D /* NewAccountViewController.m */; };
		E0919D0019061AD900D1D50D /* AudioToolbox.framework in Frameworks */ = {isa = PBXBuildFile; fileRef = E0919CFF19061AD900D1D50D /* AudioToolbox.framework */; };
		E0919D0219061ADF00D1D50D /* CFNetwork.framework in Frameworks */ = {isa = PBXBuildFile; fileRef = E0919D0119061ADF00D1D50D /* CFNetwork.framework */; };
		E0919D0419061AF500D1D50D /* CoreLocation.framework in Frameworks */ = {isa = PBXBuildFile; fileRef = E0919D0319061AF500D1D50D /* CoreLocation.framework */; };
		E0919D0619061B0E00D1D50D /* libz.dylib in Frameworks */ = {isa = PBXBuildFile; fileRef = E0919D0519061B0E00D1D50D /* libz.dylib */; };
		E0919D0819061B1600D1D50D /* MobileCoreServices.framework in Frameworks */ = {isa = PBXBuildFile; fileRef = E0919D0719061B1600D1D50D /* MobileCoreServices.framework */; };
		E0919D0A19061B1E00D1D50D /* QuartzCore.framework in Frameworks */ = {isa = PBXBuildFile; fileRef = E0919D0919061B1E00D1D50D /* QuartzCore.framework */; };
		E0919D0C19061B2700D1D50D /* Security.framework in Frameworks */ = {isa = PBXBuildFile; fileRef = E0919D0B19061B2700D1D50D /* Security.framework */; };
		E0919D0E19061B3000D1D50D /* StoreKit.framework in Frameworks */ = {isa = PBXBuildFile; fileRef = E0919D0D19061B3000D1D50D /* StoreKit.framework */; };
		E0919D1019061B3700D1D50D /* SystemConfiguration.framework in Frameworks */ = {isa = PBXBuildFile; fileRef = E0919D0F19061B3700D1D50D /* SystemConfiguration.framework */; };
		E0919D1619078FB100D1D50D /* SoundsViewController.m in Sources */ = {isa = PBXBuildFile; fileRef = E0919D1519078FB100D1D50D /* SoundsViewController.m */; };
		E0919D1919078FD300D1D50D /* SoundsTableCell.m in Sources */ = {isa = PBXBuildFile; fileRef = E0919D1819078FD300D1D50D /* SoundsTableCell.m */; };
		E0919D1B1907A74C00D1D50D /* AVFoundation.framework in Frameworks */ = {isa = PBXBuildFile; fileRef = E0919D1A1907A74C00D1D50D /* AVFoundation.framework */; };
		E0919F821909EAF100D1D50D /* Parse.framework in Frameworks */ = {isa = PBXBuildFile; fileRef = E0919F811909EAF100D1D50D /* Parse.framework */; };
		E0919F861909EB0B00D1D50D /* loopedicon1.png in Resources */ = {isa = PBXBuildFile; fileRef = E0919F851909EB0B00D1D50D /* loopedicon1.png */; };
		E0919F881909EB8E00D1D50D /* iconbeast-lite in Resources */ = {isa = PBXBuildFile; fileRef = E0919F871909EB8E00D1D50D /* iconbeast-lite */; };
/* End PBXBuildFile section */

/* Begin PBXContainerItemProxy section */
		E0919A7F1904B34A00D1D50D /* PBXContainerItemProxy */ = {
			isa = PBXContainerItemProxy;
			containerPortal = E0919A4B1904B34600D1D50D /* Project object */;
			proxyType = 1;
			remoteGlobalIDString = E0919A521904B34600D1D50D;
			remoteInfo = Looped;
		};
/* End PBXContainerItemProxy section */

/* Begin PBXFileReference section */
		E0919A531904B34600D1D50D /* Looped.app */ = {isa = PBXFileReference; explicitFileType = wrapper.application; includeInIndex = 0; path = Looped.app; sourceTree = BUILT_PRODUCTS_DIR; };
		E0919A561904B34700D1D50D /* Foundation.framework */ = {isa = PBXFileReference; lastKnownFileType = wrapper.framework; name = Foundation.framework; path = System/Library/Frameworks/Foundation.framework; sourceTree = SDKROOT; };
		E0919A581904B34700D1D50D /* CoreGraphics.framework */ = {isa = PBXFileReference; lastKnownFileType = wrapper.framework; name = CoreGraphics.framework; path = System/Library/Frameworks/CoreGraphics.framework; sourceTree = SDKROOT; };
		E0919A5A1904B34700D1D50D /* UIKit.framework */ = {isa = PBXFileReference; lastKnownFileType = wrapper.framework; name = UIKit.framework; path = System/Library/Frameworks/UIKit.framework; sourceTree = SDKROOT; };
		E0919A5E1904B34700D1D50D /* Looped-Info.plist */ = {isa = PBXFileReference; lastKnownFileType = text.plist.xml; path = "Looped-Info.plist"; sourceTree = "<group>"; };
		E0919A601904B34700D1D50D /* en */ = {isa = PBXFileReference; lastKnownFileType = text.plist.strings; name = en; path = en.lproj/InfoPlist.strings; sourceTree = "<group>"; };
		E0919A621904B34700D1D50D /* main.m */ = {isa = PBXFileReference; lastKnownFileType = sourcecode.c.objc; path = main.m; sourceTree = "<group>"; };
		E0919A641904B34700D1D50D /* Looped-Prefix.pch */ = {isa = PBXFileReference; lastKnownFileType = sourcecode.c.h; path = "Looped-Prefix.pch"; sourceTree = "<group>"; };
		E0919A651904B34700D1D50D /* LoopedAppDelegate.h */ = {isa = PBXFileReference; lastKnownFileType = sourcecode.c.h; path = LoopedAppDelegate.h; sourceTree = "<group>"; };
		E0919A661904B34700D1D50D /* LoopedAppDelegate.m */ = {isa = PBXFileReference; lastKnownFileType = sourcecode.c.objc; path = LoopedAppDelegate.m; sourceTree = "<group>"; };
		E0919A691904B34800D1D50D /* Base */ = {isa = PBXFileReference; lastKnownFileType = file.storyboard; name = Base; path = Base.lproj/Main_iPhone.storyboard; sourceTree = "<group>"; };
		E0919A6C1904B34800D1D50D /* Base */ = {isa = PBXFileReference; lastKnownFileType = file.storyboard; name = Base; path = Base.lproj/Main_iPad.storyboard; sourceTree = "<group>"; };
		E0919A6E1904B34800D1D50D /* NetworkViewController.h */ = {isa = PBXFileReference; lastKnownFileType = sourcecode.c.h; path = NetworkViewController.h; sourceTree = "<group>"; };
		E0919A6F1904B34800D1D50D /* NetworkViewController.m */ = {isa = PBXFileReference; lastKnownFileType = sourcecode.c.objc; path = NetworkViewController.m; sourceTree = "<group>"; };
		E0919A711904B34800D1D50D /* PostingViewController.h */ = {isa = PBXFileReference; lastKnownFileType = sourcecode.c.h; path = PostingViewController.h; sourceTree = "<group>"; };
		E0919A721904B34800D1D50D /* PostingViewController.m */ = {isa = PBXFileReference; lastKnownFileType = sourcecode.c.objc; path = PostingViewController.m; sourceTree = "<group>"; };
		E0919A741904B34A00D1D50D /* Images.xcassets */ = {isa = PBXFileReference; lastKnownFileType = folder.assetcatalog; path = Images.xcassets; sourceTree = "<group>"; };
		E0919A7A1904B34A00D1D50D /* LoopedTests.xctest */ = {isa = PBXFileReference; explicitFileType = wrapper.cfbundle; includeInIndex = 0; path = LoopedTests.xctest; sourceTree = BUILT_PRODUCTS_DIR; };
		E0919A7B1904B34A00D1D50D /* XCTest.framework */ = {isa = PBXFileReference; lastKnownFileType = wrapper.framework; name = XCTest.framework; path = Library/Frameworks/XCTest.framework; sourceTree = DEVELOPER_DIR; };
		E0919A831904B34A00D1D50D /* LoopedTests-Info.plist */ = {isa = PBXFileReference; lastKnownFileType = text.plist.xml; path = "LoopedTests-Info.plist"; sourceTree = "<group>"; };
		E0919A851904B34A00D1D50D /* en */ = {isa = PBXFileReference; lastKnownFileType = text.plist.strings; name = en; path = en.lproj/InfoPlist.strings; sourceTree = "<group>"; };
		E0919A871904B34B00D1D50D /* LoopedTests.m */ = {isa = PBXFileReference; lastKnownFileType = sourcecode.c.objc; path = LoopedTests.m; sourceTree = "<group>"; };
		E0919CEE1904BD0500D1D50D /* ProfileViewController.h */ = {isa = PBXFileReference; fileEncoding = 4; lastKnownFileType = sourcecode.c.h; path = ProfileViewController.h; sourceTree = "<group>"; };
		E0919CEF1904BD0500D1D50D /* ProfileViewController.m */ = {isa = PBXFileReference; fileEncoding = 4; lastKnownFileType = sourcecode.c.objc; path = ProfileViewController.m; sourceTree = "<group>"; };
		E0919CF41904BD8D00D1D50D /* LoginViewController.h */ = {isa = PBXFileReference; fileEncoding = 4; lastKnownFileType = sourcecode.c.h; path = LoginViewController.h; sourceTree = "<group>"; };
		E0919CF51904BD8D00D1D50D /* LoginViewController.m */ = {isa = PBXFileReference; fileEncoding = 4; lastKnownFileType = sourcecode.c.objc; path = LoginViewController.m; sourceTree = "<group>"; };
		E0919CF71904F39600D1D50D /* NewAccountViewController.h */ = {isa = PBXFileReference; fileEncoding = 4; lastKnownFileType = sourcecode.c.h; path = NewAccountViewController.h; sourceTree = "<group>"; };
		E0919CF81904F39600D1D50D /* NewAccountViewController.m */ = {isa = PBXFileReference; fileEncoding = 4; lastKnownFileType = sourcecode.c.objc; path = NewAccountViewController.m; sourceTree = "<group>"; };
		E0919CFC1904FCED00D1D50D /* Variables.h */ = {isa = PBXFileReference; lastKnownFileType = sourcecode.c.h; name = Variables.h; path = ../Variables.h; sourceTree = "<group>"; };
		E0919CFF19061AD900D1D50D /* AudioToolbox.framework */ = {isa = PBXFileReference; lastKnownFileType = wrapper.framework; name = AudioToolbox.framework; path = System/Library/Frameworks/AudioToolbox.framework; sourceTree = SDKROOT; };
		E0919D0119061ADF00D1D50D /* CFNetwork.framework */ = {isa = PBXFileReference; lastKnownFileType = wrapper.framework; name = CFNetwork.framework; path = System/Library/Frameworks/CFNetwork.framework; sourceTree = SDKROOT; };
		E0919D0319061AF500D1D50D /* CoreLocation.framework */ = {isa = PBXFileReference; lastKnownFileType = wrapper.framework; name = CoreLocation.framework; path = System/Library/Frameworks/CoreLocation.framework; sourceTree = SDKROOT; };
		E0919D0519061B0E00D1D50D /* libz.dylib */ = {isa = PBXFileReference; lastKnownFileType = "compiled.mach-o.dylib"; name = libz.dylib; path = usr/lib/libz.dylib; sourceTree = SDKROOT; };
		E0919D0719061B1600D1D50D /* MobileCoreServices.framework */ = {isa = PBXFileReference; lastKnownFileType = wrapper.framework; name = MobileCoreServices.framework; path = System/Library/Frameworks/MobileCoreServices.framework; sourceTree = SDKROOT; };
		E0919D0919061B1E00D1D50D /* QuartzCore.framework */ = {isa = PBXFileReference; lastKnownFileType = wrapper.framework; name = QuartzCore.framework; path = System/Library/Frameworks/QuartzCore.framework; sourceTree = SDKROOT; };
		E0919D0B19061B2700D1D50D /* Security.framework */ = {isa = PBXFileReference; lastKnownFileType = wrapper.framework; name = Security.framework; path = System/Library/Frameworks/Security.framework; sourceTree = SDKROOT; };
		E0919D0D19061B3000D1D50D /* StoreKit.framework */ = {isa = PBXFileReference; lastKnownFileType = wrapper.framework; name = StoreKit.framework; path = System/Library/Frameworks/StoreKit.framework; sourceTree = SDKROOT; };
		E0919D0F19061B3700D1D50D /* SystemConfiguration.framework */ = {isa = PBXFileReference; lastKnownFileType = wrapper.framework; name = SystemConfiguration.framework; path = System/Library/Frameworks/SystemConfiguration.framework; sourceTree = SDKROOT; };
		E0919D1419078FB100D1D50D /* SoundsViewController.h */ = {isa = PBXFileReference; fileEncoding = 4; lastKnownFileType = sourcecode.c.h; path = SoundsViewController.h; sourceTree = "<group>"; };
		E0919D1519078FB100D1D50D /* SoundsViewController.m */ = {isa = PBXFileReference; fileEncoding = 4; lastKnownFileType = sourcecode.c.objc; path = SoundsViewController.m; sourceTree = "<group>"; };
		E0919D1719078FD300D1D50D /* SoundsTableCell.h */ = {isa = PBXFileReference; fileEncoding = 4; lastKnownFileType = sourcecode.c.h; path = SoundsTableCell.h; sourceTree = "<group>"; };
		E0919D1819078FD300D1D50D /* SoundsTableCell.m */ = {isa = PBXFileReference; fileEncoding = 4; lastKnownFileType = sourcecode.c.objc; path = SoundsTableCell.m; sourceTree = "<group>"; };
		E0919D1A1907A74C00D1D50D /* AVFoundation.framework */ = {isa = PBXFileReference; lastKnownFileType = wrapper.framework; name = AVFoundation.framework; path = System/Library/Frameworks/AVFoundation.framework; sourceTree = SDKROOT; };
		E0919F811909EAF100D1D50D /* Parse.framework */ = {isa = PBXFileReference; lastKnownFileType = wrapper.framework; path = Parse.framework; sourceTree = "<group>"; };
		E0919F851909EB0B00D1D50D /* loopedicon1.png */ = {isa = PBXFileReference; lastKnownFileType = image.png; path = loopedicon1.png; sourceTree = SOURCE_ROOT; };
		E0919F871909EB8E00D1D50D /* iconbeast-lite */ = {isa = PBXFileReference; lastKnownFileType = folder; name = "iconbeast-lite"; path = "../../Downloads/iconbeast-lite"; sourceTree = "<group>"; };
/* End PBXFileReference section */

/* Begin PBXFrameworksBuildPhase section */
		E0919A501904B34600D1D50D /* Frameworks */ = {
			isa = PBXFrameworksBuildPhase;
			buildActionMask = 2147483647;
			files = (
				E0919D1B1907A74C00D1D50D /* AVFoundation.framework in Frameworks */,
				E0919D1019061B3700D1D50D /* SystemConfiguration.framework in Frameworks */,
				E0919D0E19061B3000D1D50D /* StoreKit.framework in Frameworks */,
				E0919D0C19061B2700D1D50D /* Security.framework in Frameworks */,
				E0919F821909EAF100D1D50D /* Parse.framework in Frameworks */,
				E0919D0A19061B1E00D1D50D /* QuartzCore.framework in Frameworks */,
				E0919D0819061B1600D1D50D /* MobileCoreServices.framework in Frameworks */,
				E0919D0619061B0E00D1D50D /* libz.dylib in Frameworks */,
				E0919D0419061AF500D1D50D /* CoreLocation.framework in Frameworks */,
				E0919A591904B34700D1D50D /* CoreGraphics.framework in Frameworks */,
				E0919D0219061ADF00D1D50D /* CFNetwork.framework in Frameworks */,
				E0919D0019061AD900D1D50D /* AudioToolbox.framework in Frameworks */,
				E0919A5B1904B34700D1D50D /* UIKit.framework in Frameworks */,
				E0919A571904B34700D1D50D /* Foundation.framework in Frameworks */,
			);
			runOnlyForDeploymentPostprocessing = 0;
		};
		E0919A771904B34A00D1D50D /* Frameworks */ = {
			isa = PBXFrameworksBuildPhase;
			buildActionMask = 2147483647;
			files = (
				E0919A7C1904B34A00D1D50D /* XCTest.framework in Frameworks */,
				E0919A7E1904B34A00D1D50D /* UIKit.framework in Frameworks */,
				E0919A7D1904B34A00D1D50D /* Foundation.framework in Frameworks */,
			);
			runOnlyForDeploymentPostprocessing = 0;
		};
/* End PBXFrameworksBuildPhase section */

/* Begin PBXGroup section */
		E0919A4A1904B34600D1D50D = {
			isa = PBXGroup;
			children = (
				E0919A5C1904B34700D1D50D /* LoopedFiles */,
				E0919A811904B34A00D1D50D /* LoopedTests */,
				E0919A551904B34600D1D50D /* Frameworks */,
				E0919A541904B34600D1D50D /* Products */,
			);
			sourceTree = "<group>";
		};
		E0919A541904B34600D1D50D /* Products */ = {
			isa = PBXGroup;
			children = (
				E0919A531904B34600D1D50D /* Looped.app */,
				E0919A7A1904B34A00D1D50D /* LoopedTests.xctest */,
			);
			name = Products;
			sourceTree = "<group>";
		};
		E0919A551904B34600D1D50D /* Frameworks */ = {
			isa = PBXGroup;
			children = (
				E0919D1A1907A74C00D1D50D /* AVFoundation.framework */,
				E0919D0F19061B3700D1D50D /* SystemConfiguration.framework */,
				E0919D0D19061B3000D1D50D /* StoreKit.framework */,
				E0919D0B19061B2700D1D50D /* Security.framework */,
				E0919D0919061B1E00D1D50D /* QuartzCore.framework */,
				E0919D0719061B1600D1D50D /* MobileCoreServices.framework */,
				E0919D0519061B0E00D1D50D /* libz.dylib */,
				E0919D0319061AF500D1D50D /* CoreLocation.framework */,
				E0919D0119061ADF00D1D50D /* CFNetwork.framework */,
				E0919CFF19061AD900D1D50D /* AudioToolbox.framework */,
				E0919F811909EAF100D1D50D /* Parse.framework */,
				E0919A561904B34700D1D50D /* Foundation.framework */,
				E0919A581904B34700D1D50D /* CoreGraphics.framework */,
				E0919A5A1904B34700D1D50D /* UIKit.framework */,
				E0919A7B1904B34A00D1D50D /* XCTest.framework */,
			);
			name = Frameworks;
			sourceTree = "<group>";
		};
		E0919A5C1904B34700D1D50D /* LoopedFiles */ = {
			isa = PBXGroup;
			children = (
				E0919CF31904BD6800D1D50D /* Other */,
				E0919CF21904BD5600D1D50D /* StoryBoards */,
				E0919CF11904BD3100D1D50D /* Views */,
				E0919A5D1904B34700D1D50D /* Supporting Files */,
			);
			name = LoopedFiles;
			path = Looped;
			sourceTree = "<group>";
		};
		E0919A5D1904B34700D1D50D /* Supporting Files */ = {
			isa = PBXGroup;
			children = (
				E0919CFC1904FCED00D1D50D /* Variables.h */,
				E0919F851909EB0B00D1D50D /* loopedicon1.png */,
				E0919F871909EB8E00D1D50D /* iconbeast-lite */,
				E0919A5E1904B34700D1D50D /* Looped-Info.plist */,
				E0919A5F1904B34700D1D50D /* InfoPlist.strings */,
				E0919A621904B34700D1D50D /* main.m */,
				E0919A641904B34700D1D50D /* Looped-Prefix.pch */,
			);
			name = "Supporting Files";
			sourceTree = "<group>";
		};
		E0919A811904B34A00D1D50D /* LoopedTests */ = {
			isa = PBXGroup;
			children = (
				E0919A871904B34B00D1D50D /* LoopedTests.m */,
				E0919A821904B34A00D1D50D /* Supporting Files */,
			);
			path = LoopedTests;
			sourceTree = "<group>";
		};
		E0919A821904B34A00D1D50D /* Supporting Files */ = {
			isa = PBXGroup;
			children = (
				E0919A831904B34A00D1D50D /* LoopedTests-Info.plist */,
				E0919A841904B34A00D1D50D /* InfoPlist.strings */,
			);
			name = "Supporting Files";
			sourceTree = "<group>";
		};
		E0919CF11904BD3100D1D50D /* Views */ = {
			isa = PBXGroup;
			children = (
				E0919A6E1904B34800D1D50D /* NetworkViewController.h */,
				E0919A6F1904B34800D1D50D /* NetworkViewController.m */,
				E0919A711904B34800D1D50D /* PostingViewController.h */,
				E0919A721904B34800D1D50D /* PostingViewController.m */,
				E0919CEF1904BD0500D1D50D /* ProfileViewController.m */,
				E0919CEE1904BD0500D1D50D /* ProfileViewController.h */,
				E0919CF41904BD8D00D1D50D /* LoginViewController.h */,
				E0919CF51904BD8D00D1D50D /* LoginViewController.m */,
				E0919CF71904F39600D1D50D /* NewAccountViewController.h */,
				E0919CF81904F39600D1D50D /* NewAccountViewController.m */,
				E0919D1419078FB100D1D50D /* SoundsViewController.h */,
				E0919D1519078FB100D1D50D /* SoundsViewController.m */,
				E0919D1719078FD300D1D50D /* SoundsTableCell.h */,
				E0919D1819078FD300D1D50D /* SoundsTableCell.m */,
			);
			name = Views;
			sourceTree = "<group>";
		};
		E0919CF21904BD5600D1D50D /* StoryBoards */ = {
			isa = PBXGroup;
			children = (
				E0919A681904B34800D1D50D /* Main_iPhone.storyboard */,
				E0919A6B1904B34800D1D50D /* Main_iPad.storyboard */,
			);
			name = StoryBoards;
			sourceTree = "<group>";
		};
		E0919CF31904BD6800D1D50D /* Other */ = {
			isa = PBXGroup;
			children = (
				E0919A651904B34700D1D50D /* LoopedAppDelegate.h */,
				E0919A661904B34700D1D50D /* LoopedAppDelegate.m */,
				E0919A741904B34A00D1D50D /* Images.xcassets */,
			);
			name = Other;
			sourceTree = "<group>";
		};
/* End PBXGroup section */

/* Begin PBXNativeTarget section */
		E0919A521904B34600D1D50D /* Looped */ = {
			isa = PBXNativeTarget;
			buildConfigurationList = E0919A8B1904B34B00D1D50D /* Build configuration list for PBXNativeTarget "Looped" */;
			buildPhases = (
				E0919A4F1904B34600D1D50D /* Sources */,
				E0919A501904B34600D1D50D /* Frameworks */,
				E0919A511904B34600D1D50D /* Resources */,
			);
			buildRules = (
			);
			dependencies = (
			);
			name = Looped;
			productName = Looped;
			productReference = E0919A531904B34600D1D50D /* Looped.app */;
			productType = "com.apple.product-type.application";
		};
		E0919A791904B34A00D1D50D /* LoopedTests */ = {
			isa = PBXNativeTarget;
			buildConfigurationList = E0919A8E1904B34B00D1D50D /* Build configuration list for PBXNativeTarget "LoopedTests" */;
			buildPhases = (
				E0919A761904B34A00D1D50D /* Sources */,
				E0919A771904B34A00D1D50D /* Frameworks */,
				E0919A781904B34A00D1D50D /* Resources */,
			);
			buildRules = (
			);
			dependencies = (
				E0919A801904B34A00D1D50D /* PBXTargetDependency */,
			);
			name = LoopedTests;
			productName = LoopedTests;
			productReference = E0919A7A1904B34A00D1D50D /* LoopedTests.xctest */;
			productType = "com.apple.product-type.bundle.unit-test";
		};
/* End PBXNativeTarget section */

/* Begin PBXProject section */
		E0919A4B1904B34600D1D50D /* Project object */ = {
			isa = PBXProject;
			attributes = {
				CLASSPREFIX = Looped;
				LastUpgradeCheck = 0510;
				ORGANIZATIONNAME = "Barbara Wong";
				TargetAttributes = {
					E0919A791904B34A00D1D50D = {
						TestTargetID = E0919A521904B34600D1D50D;
					};
				};
			};
			buildConfigurationList = E0919A4E1904B34600D1D50D /* Build configuration list for PBXProject "Looped" */;
			compatibilityVersion = "Xcode 3.2";
			developmentRegion = English;
			hasScannedForEncodings = 0;
			knownRegions = (
				en,
				Base,
			);
			mainGroup = E0919A4A1904B34600D1D50D;
			productRefGroup = E0919A541904B34600D1D50D /* Products */;
			projectDirPath = "";
			projectRoot = "";
			targets = (
				E0919A521904B34600D1D50D /* Looped */,
				E0919A791904B34A00D1D50D /* LoopedTests */,
			);
		};
/* End PBXProject section */

/* Begin PBXResourcesBuildPhase section */
		E0919A511904B34600D1D50D /* Resources */ = {
			isa = PBXResourcesBuildPhase;
			buildActionMask = 2147483647;
			files = (
				E0919F881909EB8E00D1D50D /* iconbeast-lite in Resources */,
				E0919A6D1904B34800D1D50D /* Main_iPad.storyboard in Resources */,
				E0919F861909EB0B00D1D50D /* loopedicon1.png in Resources */,
				E0919A751904B34A00D1D50D /* Images.xcassets in Resources */,
				E0919A6A1904B34800D1D50D /* Main_iPhone.storyboard in Resources */,
				E0919A611904B34700D1D50D /* InfoPlist.strings in Resources */,
			);
			runOnlyForDeploymentPostprocessing = 0;
		};
		E0919A781904B34A00D1D50D /* Resources */ = {
			isa = PBXResourcesBuildPhase;
			buildActionMask = 2147483647;
			files = (
				E0919A861904B34A00D1D50D /* InfoPlist.strings in Resources */,
			);
			runOnlyForDeploymentPostprocessing = 0;
		};
/* End PBXResourcesBuildPhase section */

/* Begin PBXSourcesBuildPhase section */
		E0919A4F1904B34600D1D50D /* Sources */ = {
			isa = PBXSourcesBuildPhase;
			buildActionMask = 2147483647;
			files = (
				E0919CF91904F39600D1D50D /* NewAccountViewController.m in Sources */,
				E0919A631904B34700D1D50D /* main.m in Sources */,
				E0919A731904B34800D1D50D /* PostingViewController.m in Sources */,
				E0919CF61904BD8D00D1D50D /* LoginViewController.m in Sources */,
				E0919D1619078FB100D1D50D /* SoundsViewController.m in Sources */,
				E0919D1919078FD300D1D50D /* SoundsTableCell.m in Sources */,
				E0919A701904B34800D1D50D /* NetworkViewController.m in Sources */,
				E0919A671904B34700D1D50D /* LoopedAppDelegate.m in Sources */,
				E0919CF01904BD0500D1D50D /* ProfileViewController.m in Sources */,
			);
			runOnlyForDeploymentPostprocessing = 0;
		};
		E0919A761904B34A00D1D50D /* Sources */ = {
			isa = PBXSourcesBuildPhase;
			buildActionMask = 2147483647;
			files = (
				E0919A881904B34B00D1D50D /* LoopedTests.m in Sources */,
			);
			runOnlyForDeploymentPostprocessing = 0;
		};
/* End PBXSourcesBuildPhase section */

/* Begin PBXTargetDependency section */
		E0919A801904B34A00D1D50D /* PBXTargetDependency */ = {
			isa = PBXTargetDependency;
			target = E0919A521904B34600D1D50D /* Looped */;
			targetProxy = E0919A7F1904B34A00D1D50D /* PBXContainerItemProxy */;
		};
/* End PBXTargetDependency section */

/* Begin PBXVariantGroup section */
		E0919A5F1904B34700D1D50D /* InfoPlist.strings */ = {
			isa = PBXVariantGroup;
			children = (
				E0919A601904B34700D1D50D /* en */,
			);
			name = InfoPlist.strings;
			sourceTree = "<group>";
		};
		E0919A681904B34800D1D50D /* Main_iPhone.storyboard */ = {
			isa = PBXVariantGroup;
			children = (
				E0919A691904B34800D1D50D /* Base */,
			);
			name = Main_iPhone.storyboard;
			sourceTree = "<group>";
		};
		E0919A6B1904B34800D1D50D /* Main_iPad.storyboard */ = {
			isa = PBXVariantGroup;
			children = (
				E0919A6C1904B34800D1D50D /* Base */,
			);
			name = Main_iPad.storyboard;
			sourceTree = "<group>";
		};
		E0919A841904B34A00D1D50D /* InfoPlist.strings */ = {
			isa = PBXVariantGroup;
			children = (
				E0919A851904B34A00D1D50D /* en */,
			);
			name = InfoPlist.strings;
			sourceTree = "<group>";
		};
/* End PBXVariantGroup section */

/* Begin XCBuildConfiguration section */
		E0919A891904B34B00D1D50D /* Debug */ = {
			isa = XCBuildConfiguration;
			buildSettings = {
				ALWAYS_SEARCH_USER_PATHS = NO;
				CLANG_CXX_LANGUAGE_STANDARD = "gnu++0x";
				CLANG_CXX_LIBRARY = "libc++";
				CLANG_ENABLE_MODULES = YES;
				CLANG_ENABLE_OBJC_ARC = YES;
				CLANG_WARN_BOOL_CONVERSION = YES;
				CLANG_WARN_CONSTANT_CONVERSION = YES;
				CLANG_WARN_DIRECT_OBJC_ISA_USAGE = YES_ERROR;
				CLANG_WARN_EMPTY_BODY = YES;
				CLANG_WARN_ENUM_CONVERSION = YES;
				CLANG_WARN_INT_CONVERSION = YES;
				CLANG_WARN_OBJC_ROOT_CLASS = YES_ERROR;
				CLANG_WARN__DUPLICATE_METHOD_MATCH = YES;
				"CODE_SIGN_IDENTITY[sdk=iphoneos*]" = "iPhone Developer";
				COPY_PHASE_STRIP = NO;
				GCC_C_LANGUAGE_STANDARD = gnu99;
				GCC_DYNAMIC_NO_PIC = NO;
				GCC_OPTIMIZATION_LEVEL = 0;
				GCC_PREPROCESSOR_DEFINITIONS = (
					"DEBUG=1",
					"$(inherited)",
				);
				GCC_SYMBOLS_PRIVATE_EXTERN = NO;
				GCC_WARN_64_TO_32_BIT_CONVERSION = YES;
				GCC_WARN_ABOUT_RETURN_TYPE = YES_ERROR;
				GCC_WARN_UNDECLARED_SELECTOR = YES;
				GCC_WARN_UNINITIALIZED_AUTOS = YES_AGGRESSIVE;
				GCC_WARN_UNUSED_FUNCTION = YES;
				GCC_WARN_UNUSED_VARIABLE = YES;
				IPHONEOS_DEPLOYMENT_TARGET = 7.1;
				ONLY_ACTIVE_ARCH = YES;
				SDKROOT = iphoneos;
				TARGETED_DEVICE_FAMILY = "1,2";
			};
			name = Debug;
		};
		E0919A8A1904B34B00D1D50D /* Release */ = {
			isa = XCBuildConfiguration;
			buildSettings = {
				ALWAYS_SEARCH_USER_PATHS = NO;
				CLANG_CXX_LANGUAGE_STANDARD = "gnu++0x";
				CLANG_CXX_LIBRARY = "libc++";
				CLANG_ENABLE_MODULES = YES;
				CLANG_ENABLE_OBJC_ARC = YES;
				CLANG_WARN_BOOL_CONVERSION = YES;
				CLANG_WARN_CONSTANT_CONVERSION = YES;
				CLANG_WARN_DIRECT_OBJC_ISA_USAGE = YES_ERROR;
				CLANG_WARN_EMPTY_BODY = YES;
				CLANG_WARN_ENUM_CONVERSION = YES;
				CLANG_WARN_INT_CONVERSION = YES;
				CLANG_WARN_OBJC_ROOT_CLASS = YES_ERROR;
				CLANG_WARN__DUPLICATE_METHOD_MATCH = YES;
				"CODE_SIGN_IDENTITY[sdk=iphoneos*]" = "iPhone Developer";
				COPY_PHASE_STRIP = YES;
				ENABLE_NS_ASSERTIONS = NO;
				GCC_C_LANGUAGE_STANDARD = gnu99;
				GCC_WARN_64_TO_32_BIT_CONVERSION = YES;
				GCC_WARN_ABOUT_RETURN_TYPE = YES_ERROR;
				GCC_WARN_UNDECLARED_SELECTOR = YES;
				GCC_WARN_UNINITIALIZED_AUTOS = YES_AGGRESSIVE;
				GCC_WARN_UNUSED_FUNCTION = YES;
				GCC_WARN_UNUSED_VARIABLE = YES;
				IPHONEOS_DEPLOYMENT_TARGET = 7.1;
				SDKROOT = iphoneos;
				TARGETED_DEVICE_FAMILY = "1,2";
				VALIDATE_PRODUCT = YES;
			};
			name = Release;
		};
		E0919A8C1904B34B00D1D50D /* Debug */ = {
			isa = XCBuildConfiguration;
			buildSettings = {
				ASSETCATALOG_COMPILER_APPICON_NAME = AppIcon;
				ASSETCATALOG_COMPILER_LAUNCHIMAGE_NAME = LaunchImage;
				CODE_SIGN_IDENTITY = "iPhone Developer: John Hammerlund (KHCLW686K6)";
				FRAMEWORK_SEARCH_PATHS = (
					"$(inherited)",
					/Users/barbarawong/Downloads,
					"$(PROJECT_DIR)",
				);
				GCC_PRECOMPILE_PREFIX_HEADER = YES;
				GCC_PREFIX_HEADER = "Looped/Looped-Prefix.pch";
				INFOPLIST_FILE = "Looped/Looped-Info.plist";
				PRODUCT_NAME = "$(TARGET_NAME)";
				PROVISIONING_PROFILE = "A40E02A9-4A18-4C53-966D-FE81469B861F";
				WRAPPER_EXTENSION = app;
			};
			name = Debug;
		};
		E0919A8D1904B34B00D1D50D /* Release */ = {
			isa = XCBuildConfiguration;
			buildSettings = {
				ASSETCATALOG_COMPILER_APPICON_NAME = AppIcon;
				ASSETCATALOG_COMPILER_LAUNCHIMAGE_NAME = LaunchImage;
				CODE_SIGN_IDENTITY = "iPhone Developer: John Hammerlund (KHCLW686K6)";
				FRAMEWORK_SEARCH_PATHS = (
					"$(inherited)",
					/Users/barbarawong/Downloads,
					"$(PROJECT_DIR)",
				);
				GCC_PRECOMPILE_PREFIX_HEADER = YES;
				GCC_PREFIX_HEADER = "Looped/Looped-Prefix.pch";
				INFOPLIST_FILE = "Looped/Looped-Info.plist";
				PRODUCT_NAME = "$(TARGET_NAME)";
				PROVISIONING_PROFILE = "A40E02A9-4A18-4C53-966D-FE81469B861F";
				WRAPPER_EXTENSION = app;
			};
			name = Release;
		};
		E0919A8F1904B34B00D1D50D /* Debug */ = {
			isa = XCBuildConfiguration;
			buildSettings = {
				BUNDLE_LOADER = "$(BUILT_PRODUCTS_DIR)/Looped.app/Looped";
				FRAMEWORK_SEARCH_PATHS = (
					"$(SDKROOT)/Developer/Library/Frameworks",
					"$(inherited)",
					"$(DEVELOPER_FRAMEWORKS_DIR)",
				);
				GCC_PRECOMPILE_PREFIX_HEADER = YES;
				GCC_PREFIX_HEADER = "Looped/Looped-Prefix.pch";
				GCC_PREPROCESSOR_DEFINITIONS = (
					"DEBUG=1",
					"$(inherited)",
				);
				INFOPLIST_FILE = "LoopedTests/LoopedTests-Info.plist";
				PRODUCT_NAME = "$(TARGET_NAME)";
				TEST_HOST = "$(BUNDLE_LOADER)";
				WRAPPER_EXTENSION = xctest;
			};
			name = Debug;
		};
		E0919A901904B34B00D1D50D /* Release */ = {
			isa = XCBuildConfiguration;
			buildSettings = {
				BUNDLE_LOADER = "$(BUILT_PRODUCTS_DIR)/Looped.app/Looped";
				FRAMEWORK_SEARCH_PATHS = (
					"$(SDKROOT)/Developer/Library/Frameworks",
					"$(inherited)",
					"$(DEVELOPER_FRAMEWORKS_DIR)",
				);
				GCC_PRECOMPILE_PREFIX_HEADER = YES;
				GCC_PREFIX_HEADER = "Looped/Looped-Prefix.pch";
				INFOPLIST_FILE = "LoopedTests/LoopedTests-Info.plist";
				PRODUCT_NAME = "$(TARGET_NAME)";
				TEST_HOST = "$(BUNDLE_LOADER)";
				WRAPPER_EXTENSION = xctest;
			};
			name = Release;
		};
/* End XCBuildConfiguration section */

/* Begin XCConfigurationList section */
		E0919A4E1904B34600D1D50D /* Build configuration list for PBXProject "Looped" */ = {
			isa = XCConfigurationList;
			buildConfigurations = (
				E0919A891904B34B00D1D50D /* Debug */,
				E0919A8A1904B34B00D1D50D /* Release */,
			);
			defaultConfigurationIsVisible = 0;
			defaultConfigurationName = Release;
		};
		E0919A8B1904B34B00D1D50D /* Build configuration list for PBXNativeTarget "Looped" */ = {
			isa = XCConfigurationList;
			buildConfigurations = (
				E0919A8C1904B34B00D1D50D /* Debug */,
				E0919A8D1904B34B00D1D50D /* Release */,
			);
			defaultConfigurationIsVisible = 0;
			defaultConfigurationName = Release;
		};
		E0919A8E1904B34B00D1D50D /* Build configuration list for PBXNativeTarget "LoopedTests" */ = {
			isa = XCConfigurationList;
			buildConfigurations = (
				E0919A8F1904B34B00D1D50D /* Debug */,
				E0919A901904B34B00D1D50D /* Release */,
			);
			defaultConfigurationIsVisible = 0;
			defaultConfigurationName = Release;
		};
/* End XCConfigurationList section */
	};
	rootObject = E0919A4B1904B34600D1D50D /* Project object */;
}
